
Microsoft Visual Studio Solution File, Format Version 12.00
# Visual Studio Version 16
VisualStudioVersion = 16.0.30503.244
MinimumVisualStudioVersion = 10.0.40219.1
Project("{8BC9CEB8-8B4A-11D0-8D11-00A0C91BC942}") = "AVSVM", "AVSVM\AVSVM.vcxproj", "{67AD1EF5-0D8A-4F38-8078-15D2519A1605}"
EndProject
Project("{8BC9CEB8-8B4A-11D0-8D11-00A0C91BC942}") = "AVSVMC", "AVSVMC\AVSVMC.vcxproj", "{62154566-0CBE-4066-A7CD-C6AFE43FCE9B}"
EndProject
Project("{8BC9CEB8-8B4A-11D0-8D11-00A0C91BC942}") = "ISA", "ISA\ISA.vcxproj", "{D187BDA3-E671-4E19-A553-73861B090F64}"
EndProject
Global
	GlobalSection(SolutionConfigurationPlatforms) = preSolution
		Debug|Win32 = Debug|Win32
		Debug|x64 = Debug|x64
		Release|Win32 = Release|Win32
		Release|x64 = Release|x64
	EndGlobalSection
	GlobalSection(ProjectConfigurationPlatforms) = postSolution
		{67AD1EF5-0D8A-4F38-8078-15D2519A1605}.Debug|Win32.ActiveCfg = Debug|Win32
		{67AD1EF5-0D8A-4F38-8078-15D2519A1605}.Debug|Win32.Build.0 = Debug|Win32
		{67AD1EF5-0D8A-4F38-8078-15D2519A1605}.Debug|x64.ActiveCfg = Debug|Win32
		{67AD1EF5-0D8A-4F38-8078-15D2519A1605}.Release|Win32.ActiveCfg = Release|Win32
		{67AD1EF5-0D8A-4F38-8078-15D2519A1605}.Release|Win32.Build.0 = Release|Win32
		{67AD1EF5-0D8A-4F38-8078-15D2519A1605}.Release|x64.ActiveCfg = Release|Win32
		{62154566-0CBE-4066-A7CD-C6AFE43FCE9B}.Debug|Win32.ActiveCfg = Debug|Win32
		{62154566-0CBE-4066-A7CD-C6AFE43FCE9B}.Debug|Win32.Build.0 = Debug|Win32
		{62154566-0CBE-4066-A7CD-C6AFE43FCE9B}.Debug|x64.ActiveCfg = Debug|x64
		{62154566-0CBE-4066-A7CD-C6AFE43FCE9B}.Debug|x64.Build.0 = Debug|x64
		{62154566-0CBE-4066-A7CD-C6AFE43FCE9B}.Release|Win32.ActiveCfg = Release|Win32
		{62154566-0CBE-4066-A7CD-C6AFE43FCE9B}.Release|Win32.Build.0 = Release|Win32
		{62154566-0CBE-4066-A7CD-C6AFE43FCE9B}.Release|x64.ActiveCfg = Release|x64
		{62154566-0CBE-4066-A7CD-C6AFE43FCE9B}.Release|x64.Build.0 = Release|x64
		{D187BDA3-E671-4E19-A553-73861B090F64}.Debug|Win32.ActiveCfg = Debug|Win32
		{D187BDA3-E671-4E19-A553-73861B090F64}.Debug|Win32.Build.0 = Debug|Win32
		{D187BDA3-E671-4E19-A553-73861B090F64}.Debug|x64.ActiveCfg = Debug|x64
		{D187BDA3-E671-4E19-A553-73861B090F64}.Debug|x64.Build.0 = Debug|x64
		{D187BDA3-E671-4E19-A553-73861B090F64}.Release|Win32.ActiveCfg = Release|Win32
		{D187BDA3-E671-4E19-A553-73861B090F64}.Release|Win32.Build.0 = Release|Win32
		{D187BDA3-E671-4E19-A553-73861B090F64}.Release|x64.ActiveCfg = Release|x64
		{D187BDA3-E671-4E19-A553-73861B090F64}.Release|x64.Build.0 = Release|x64
	EndGlobalSection
	GlobalSection(SolutionProperties) = preSolution
		HideSolutionNode = FALSE
	EndGlobalSection
	GlobalSection(ExtensibilityGlobals) = postSolution
		SolutionGuid = {DF07179E-2679-4A1F-A5C9-FD97FC42F119}
	EndGlobalSection
EndGlobal
